
Microsoft Visual Studio Solution File, Format Version 12.00
# Visual Studio Version 16
VisualStudioVersion = 16.0.30114.105
MinimumVisualStudioVersion = 10.0.40219.1
Project("{9A19103F-16F7-4668-BE54-9A1E7A4F7556}") = "MVCWebApp", "MVCWebApp\MVCWebApp.csproj", "{81543596-E02A-491A-85E3-B786D3FA26DC}"
EndProject
Project("{9A19103F-16F7-4668-BE54-9A1E7A4F7556}") = "Core", "Core\Core.csproj", "{4017DED2-86F8-48C0-BE4E-17F19793A1EB}"
EndProject
Project("{9A19103F-16F7-4668-BE54-9A1E7A4F7556}") = "Infrastructure", "Infrastructure\Infrastructure.csproj", "{A1D477AB-7765-44B9-B7F8-41CCAF940F5A}"
EndProject
Project("{FAE04EC0-301F-11D3-BF4B-00C04F79EFBC}") = "Service", "Service\Service.csproj", "{6A828DCC-6E4C-4181-873F-CFBE5B341D06}"
EndProject
Global
	GlobalSection(SolutionConfigurationPlatforms) = preSolution
		Debug|Any CPU = Debug|Any CPU
		Release|Any CPU = Release|Any CPU
	EndGlobalSection
	GlobalSection(ProjectConfigurationPlatforms) = postSolution
		{81543596-E02A-491A-85E3-B786D3FA26DC}.Debug|Any CPU.ActiveCfg = Debug|Any CPU
		{81543596-E02A-491A-85E3-B786D3FA26DC}.Debug|Any CPU.Build.0 = Debug|Any CPU
		{81543596-E02A-491A-85E3-B786D3FA26DC}.Release|Any CPU.ActiveCfg = Release|Any CPU
		{81543596-E02A-491A-85E3-B786D3FA26DC}.Release|Any CPU.Build.0 = Release|Any CPU
		{4017DED2-86F8-48C0-BE4E-17F19793A1EB}.Debug|Any CPU.ActiveCfg = Debug|Any CPU
		{4017DED2-86F8-48C0-BE4E-17F19793A1EB}.Debug|Any CPU.Build.0 = Debug|Any CPU
		{4017DED2-86F8-48C0-BE4E-17F19793A1EB}.Release|Any CPU.ActiveCfg = Release|Any CPU
		{4017DED2-86F8-48C0-BE4E-17F19793A1EB}.Release|Any CPU.Build.0 = Release|Any CPU
		{A1D477AB-7765-44B9-B7F8-41CCAF940F5A}.Debug|Any CPU.ActiveCfg = Debug|Any CPU
		{A1D477AB-7765-44B9-B7F8-41CCAF940F5A}.Debug|Any CPU.Build.0 = Debug|Any CPU
		{A1D477AB-7765-44B9-B7F8-41CCAF940F5A}.Release|Any CPU.ActiveCfg = Release|Any CPU
		{A1D477AB-7765-44B9-B7F8-41CCAF940F5A}.Release|Any CPU.Build.0 = Release|Any CPU
		{6A828DCC-6E4C-4181-873F-CFBE5B341D06}.Debug|Any CPU.ActiveCfg = Debug|Any CPU
		{6A828DCC-6E4C-4181-873F-CFBE5B341D06}.Debug|Any CPU.Build.0 = Debug|Any CPU
		{6A828DCC-6E4C-4181-873F-CFBE5B341D06}.Release|Any CPU.ActiveCfg = Release|Any CPU
		{6A828DCC-6E4C-4181-873F-CFBE5B341D06}.Release|Any CPU.Build.0 = Release|Any CPU
	EndGlobalSection
	GlobalSection(SolutionProperties) = preSolution
		HideSolutionNode = FALSE
	EndGlobalSection
	GlobalSection(ExtensibilityGlobals) = postSolution
		SolutionGuid = {7CEC21F1-548C-4A60-AEFD-435F2FCF1041}
	EndGlobalSection
EndGlobal
